
Microsoft Visual Studio Solution File, Format Version 12.00
# Visual Studio Version 16
VisualStudioVersion = 16.0.29728.190
MinimumVisualStudioVersion = 10.0.40219.1
Project("{FAE04EC0-301F-11D3-BF4B-00C04F79EFBC}") = "Glitchpop", "Glitchpop\Glitchpop.csproj", "{7AEBD535-F8C0-43A6-946A-633F51BDCCE4}"
EndProject
Global
	GlobalSection(SolutionConfigurationPlatforms) = preSolution
		Debug|Any CPU = Debug|Any CPU
		Release|Any CPU = Release|Any CPU
	EndGlobalSection
	GlobalSection(ProjectConfigurationPlatforms) = postSolution
		{7AEBD535-F8C0-43A6-946A-633F51BDCCE4}.Debug|Any CPU.ActiveCfg = Debug|Any CPU
		{7AEBD535-F8C0-43A6-946A-633F51BDCCE4}.Debug|Any CPU.Build.0 = Debug|Any CPU
		{7AEBD535-F8C0-43A6-946A-633F51BDCCE4}.Release|Any CPU.ActiveCfg = Release|Any CPU
		{7AEBD535-F8C0-43A6-946A-633F51BDCCE4}.Release|Any CPU.Build.0 = Release|Any CPU
	EndGlobalSection
	GlobalSection(SolutionProperties) = preSolution
		HideSolutionNode = FALSE
	EndGlobalSection
	GlobalSection(ExtensibilityGlobals) = postSolution
		SolutionGuid = {B0507970-1E33-45B5-AEFD-0DE25966F0C8}
	EndGlobalSection
EndGlobal
